# This file is autogenerated, do not edit; changes may be undone by the next 'dep ensure'.


[[projects]]
  digest = "1:a24d4f0bfca235899423e806a033447bb840d48970ecd8e1bc409537d0289c23"
  name = "cloud.google.com/go"
  packages = ["compute/metadata"]
  pruneopts = "NUT"
  revision = "cfe8f6d1fe6976d03af790d7a8b9bf6aa73287bd"
  version = "v0.47.0"

[[projects]]
  digest = "1:0a111edd8693fd977f42a0c4f199a0efb13c20aec9da99ad8830c7bb6a87e8d6"
  name = "github.com/PuerkitoBio/purell"
  packages = ["."]
  pruneopts = "NUT"
  revision = "44968752391892e1b0d0b821ee79e9a85fa13049"
  version = "v1.1.1"

[[projects]]
  branch = "master"
  digest = "1:8098cd40cd09879efbf12e33bcd51ead4a66006ac802cd563a66c4f3373b9727"
  name = "github.com/PuerkitoBio/urlesc"
  packages = ["."]
  pruneopts = "NUT"
  revision = "de5bf2ad457846296e2031421a34e2568e304e35"

[[projects]]
  digest = "1:707ebe952a8b3d00b343c01536c79c73771d100f63ec6babeaed5c79e2b8a8dd"
  name = "github.com/beorn7/perks"
  packages = ["quantile"]
  pruneopts = "NUT"
  revision = "37c8de3658fcb183f997c4e13e8337516ab753e6"
  version = "v1.0.1"

[[projects]]
  digest = "1:d3c3de7c1ad57f795e5c409afa842fea27899f124622bcdce83f8bea8721b9db"
  name = "github.com/cloudevents/sdk-go"
  packages = [
    ".",
    "pkg/cloudevents",
    "pkg/cloudevents/client",
    "pkg/cloudevents/context",
    "pkg/cloudevents/datacodec",
    "pkg/cloudevents/datacodec/json",
    "pkg/cloudevents/datacodec/xml",
    "pkg/cloudevents/observability",
    "pkg/cloudevents/transport",
    "pkg/cloudevents/transport/http",
    "pkg/cloudevents/types",
  ]
  pruneopts = "NUT"
  revision = "4cc108a637ff4bf2d1848c60d5fbb0f711fd1b8c"
  version = "v0.9.2"

[[projects]]
  digest = "1:ffe9824d294da03b391f44e1ae8281281b4afc1bdaa9588c9097785e3af10cec"
  name = "github.com/davecgh/go-spew"
  packages = ["spew"]
  pruneopts = "NUT"
  revision = "8991bc29aa16c548c550c7ff78260e27b9ab7c73"
  version = "v1.1.1"

[[projects]]
  digest = "1:4ddc17aeaa82cb18c5f0a25d7c253a10682f518f4b2558a82869506eec223d76"
  name = "github.com/docker/distribution"
  packages = [
    "digestset",
    "reference",
  ]
  pruneopts = "NUT"
  revision = "2461543d988979529609e8cb6fca9ca190dc48da"
  version = "v2.7.1"

[[projects]]
  digest = "1:6ec69df6d0f148303c3ebef3b20c706e8ff6dcd78bb478f39de22b4ecf2163bb"
  name = "github.com/emicklei/go-restful"
  packages = [
    ".",
    "log",
  ]
  pruneopts = "NUT"
  revision = "5d8b667fa26d374ff451368b5040d3adbb9c7db4"
  version = "v2.11.0"

[[projects]]
  digest = "1:4304cca260ab815326ca42d9c28fb843342748267034c51963e13f5e54e727d1"
  name = "github.com/evanphx/json-patch"
  packages = ["."]
  pruneopts = "NUT"
  revision = "026c730a0dcc5d11f93f1cf1cc65b01247ea7b6f"
  version = "v4.5.0"

[[projects]]
  digest = "1:812da80f354652604fa5217ac23846cb97535dfba788378b17d4231a486b7d6d"
  name = "github.com/getkin/kin-openapi"
  packages = [
    "jsoninfo",
    "openapi3",
    "openapi3filter",
    "pathpattern",
  ]
  pruneopts = "NUT"
  revision = "90a7df014b4e7699507bf82aa5601503a9ba85da"
  version = "v0.2.0"

[[projects]]
  digest = "1:81466b4218bf6adddac2572a30ac733a9255919bc2f470b4827a317bd4ee1756"
  name = "github.com/ghodss/yaml"
  packages = ["."]
  pruneopts = "NUT"
  revision = "0ca9ea5df5451ffdf184b4428c902747c2c11cd7"
  version = "v1.0.0"

[[projects]]
  digest = "1:53becd66889185091b58ea3fc49294996f2179fb05a89702f4de7d15e581b509"
  name = "github.com/go-logr/logr"
  packages = ["."]
  pruneopts = "NUT"
  revision = "9fb12b3b21c5415d16ac18dc5cd42c1cfdd40c4e"
  version = "v0.1.0"

[[projects]]
  digest = "1:340497a512995aa69c0add901d79a2096b3449d35a44a6f1f1115091a9f8c687"
  name = "github.com/go-logr/zapr"
  packages = ["."]
  pruneopts = "NUT"
  revision = "03f06a783fbb7dfaf3f629c7825480e43a7105e6"
  version = "v0.1.1"

[[projects]]
  digest = "1:3758c86e787dfe5792a23430f34636106a16da914446724399c9c12f121a225d"
  name = "github.com/go-openapi/jsonpointer"
  packages = ["."]
  pruneopts = "NUT"
  revision = "ed123515f087412cd7ef02e49b0b0a5e6a79a360"
  version = "v0.19.3"

[[projects]]
  digest = "1:98abd61947ff5c7c6fcfec5473d02a4821ed3a2dd99a4fbfdb7925b0dd745546"
  name = "github.com/go-openapi/jsonreference"
  packages = ["."]
  pruneopts = "NUT"
  revision = "82f31475a8f7a12bc26962f6e26ceade8ea6f66a"
  version = "v0.19.3"

[[projects]]
  digest = "1:97b95774863237dc7589e326d064713cc0372c9ecadbe2e4e7e560a949cbb45d"
  name = "github.com/go-openapi/spec"
  packages = ["."]
  pruneopts = "NUT"
  revision = "8557d72e4f077c2dbe1e48df09e596b6fb9b7991"
  version = "v0.19.4"

[[projects]]
  digest = "1:b318f36b1725220c1580b27504b8ee9d33a2a8e2db58f28c176edf6f0d1b7fb2"
  name = "github.com/go-openapi/swag"
  packages = ["."]
  pruneopts = "NUT"
  revision = "c3d0f7896d589f3babb99eea24bbc7de98108e72"
  version = "v0.19.5"

[[projects]]
  digest = "1:fcd8ddc48ce648d5fbb36029fe3dd98f29c03377eea5c4a3c436701b0e3f2774"
  name = "github.com/gobuffalo/envy"
  packages = ["."]
  pruneopts = "NUT"
  revision = "909ea676d4c90832fefbf55a5a4fb04d8bef8931"
  version = "v1.7.1"

[[projects]]
  digest = "1:2b0e6c0bea11257c646616ebd6a62be0ef2b6a0fd8210ac3caeaf57ee136123b"
  name = "github.com/gogo/protobuf"
  packages = [
    "proto",
    "sortkeys",
  ]
  pruneopts = "NUT"
  revision = "5628607bb4c51c3157aacc3a50f0ab707582b805"
  version = "v1.3.1"

[[projects]]
  branch = "master"
  digest = "1:e2b86e41f3d669fc36b50d31d32d22c8ac656c75aa5ea89717ce7177e134ff2a"
  name = "github.com/golang/glog"
  packages = ["."]
  pruneopts = "NUT"
  revision = "23def4e6c14b4da8ac2ed8007337bc5eb5007998"

[[projects]]
  branch = "master"
  digest = "1:b7cb6054d3dff43b38ad2e92492f220f57ae6087ee797dca298139776749ace8"
  name = "github.com/golang/groupcache"
  packages = ["lru"]
  pruneopts = "NUT"
  revision = "404acd9df4cc9859d64fb9eed42e5c026187287a"

[[projects]]
  digest = "1:796f9c63c68774a89eade387a8476e45ec2b34f5649b0726983204202c3649d6"
  name = "github.com/golang/protobuf"
  packages = [
    "proto",
    "ptypes",
    "ptypes/any",
    "ptypes/duration",
    "ptypes/timestamp",
  ]
  pruneopts = "NUT"
  revision = "6c65a5562fc06764971b7c5d05c76c75e84bdbf7"
  version = "v1.3.2"

[[projects]]
  digest = "1:05f95ffdfcf651bdb0f05b40b69e7f5663047f8da75c72d58728acb59b5cc107"
  name = "github.com/google/btree"
  packages = ["."]
  pruneopts = "NUT"
  revision = "4030bb1f1f0c35b30ca7009e9ebd06849dd45306"
  version = "v1.0.0"

[[projects]]
  digest = "1:010d46ea3c1e730897e53058d1013a963f3f987675dda87df64f891b945281db"
  name = "github.com/google/go-cmp"
  packages = [
    "cmp",
    "cmp/cmpopts",
    "cmp/internal/diff",
    "cmp/internal/flags",
    "cmp/internal/function",
    "cmp/internal/value",
  ]
  pruneopts = "NUT"
  revision = "6f77996f0c42f7b84e5a2b252227263f93432e9b"

[[projects]]
  digest = "1:10aa62acd56f635de190110a836aa261b3774e697b2b6a7af27d8263cf856d47"
  name = "github.com/google/go-containerregistry"
  packages = ["pkg/name"]
  pruneopts = "NUT"
  revision = "b02d448a3705facf11018efff34f1d2830be5724"

[[projects]]
  digest = "1:52c5834e2bebac9030c97cc0798ac11c3aa8a39f098aeb419f142533da6cd3cc"
  name = "github.com/google/gofuzz"
  packages = ["."]
  pruneopts = "NUT"
  revision = "f140a6486e521aad38f5917de355cbf147cc0496"
  version = "v1.0.0"

[[projects]]
  digest = "1:ab3ec1fe3e39bac4b3ab63390767766622be35b7cab03f47f787f9ec60522a53"
  name = "github.com/google/uuid"
  packages = ["."]
  pruneopts = "NUT"
  revision = "0cd6bf5da1e1c83f8b45653022c74f71af0538a4"
  version = "v1.1.1"

[[projects]]
  digest = "1:5e092394bed250d7fda36cef8b7e1d22bb2d5f71878bbb137be5fc1c2705f965"
  name = "github.com/googleapis/gnostic"
  packages = [
    "OpenAPIv2",
    "compiler",
    "extensions",
  ]
  pruneopts = "NUT"
  revision = "ab0dd09aa10e2952b28e12ecd35681b20463ebab"
  version = "v0.3.1"

[[projects]]
  branch = "master"
  digest = "1:a86d65bc23eea505cd9139178e4d889733928fe165c7a008f41eaab039edf9df"
  name = "github.com/gregjones/httpcache"
  packages = [
    ".",
    "diskcache",
  ]
  pruneopts = "NUT"
  revision = "901d90724c7919163f472a9812253fb26761123d"

[[projects]]
  digest = "1:ed860d2b2c1d066d36a89c982eefc7d019badd534f60e87ab65d3d94f0797ef0"
  name = "github.com/hashicorp/golang-lru"
  packages = [
    ".",
    "simplelru",
  ]
  pruneopts = "NUT"
  revision = "7f827b33c0f158ec5dfbba01bb0b14a4541fd81d"
  version = "v0.5.3"

[[projects]]
  digest = "1:41933d387bfa3eaa6a82647914ed7044f7b8355764c24fb920892bc8c03ef0c3"
  name = "github.com/hpcloud/tail"
  packages = [
    ".",
    "ratelimiter",
    "util",
    "watch",
    "winfile",
  ]
  pruneopts = "NUT"
  revision = "a30252cb686a21eb2d0b98132633053ec2f7f1e5"
  version = "v1.0.0"

[[projects]]
  digest = "1:7c47a990a91ab4922f4009c8ba8dcf35dad08e2b697cf26ea87eaae90e3f7aa1"
  name = "github.com/imdario/mergo"
  packages = ["."]
  pruneopts = "NUT"
  revision = "1afb36080aec31e0d1528973ebe6721b191b0369"
  version = "v0.3.8"

[[projects]]
  digest = "1:406338ad39ab2e37b7f4452906442a3dbf0eb3379dd1f06aafb5c07e769a5fbb"
  name = "github.com/inconshreveable/mousetrap"
  packages = ["."]
  pruneopts = "NUT"
  revision = "76626ae9c91c4f2a10f34cad8ce83ea42c93bb75"
  version = "v1.0"

[[projects]]
  digest = "1:da62aa6632d04e080b8a8b85a59ed9ed1550842a0099a55f3ae3a20d02a3745a"
  name = "github.com/joho/godotenv"
  packages = ["."]
  pruneopts = "NUT"
  revision = "23d116af351c84513e1946b527c88823e476be13"
  version = "v1.3.0"

[[projects]]
  digest = "1:996dd5b4e2def9c256d4aa732db9a2d16d00a5eaf264139fa4bce5a4d2dc5fde"
  name = "github.com/json-iterator/go"
  packages = ["."]
  pruneopts = "NUT"
  revision = "03217c3e97663914aec3faafde50d081f197a0a2"
  version = "1.1.8"

[[projects]]
  digest = "1:927762c6729b4e72957ba3310e485ed09cf8451c5a637a52fd016a9fe09e7936"
  name = "github.com/mailru/easyjson"
  packages = [
    "buffer",
    "jlexer",
    "jwriter",
  ]
  pruneopts = "NUT"
  revision = "1b2b06f5f209fea48ff5922d8bfb2b9ed5d8f00b"
  version = "v0.7.0"

[[projects]]
  digest = "1:56dbf15e091bf7926cb33a57cb6bdfc658fc6d3498d2f76f10a97ce7856f1fde"
  name = "github.com/markbates/inflect"
  packages = ["."]
  pruneopts = "NUT"
  revision = "24b83195037b3bc61fcda2d28b7b0518bce293b6"
  version = "v1.0.4"

[[projects]]
  branch = "master"
  digest = "1:0e9bfc47ab9941ecc3344e580baca5deb4091177e84dd9773b48b38ec26b93d5"
  name = "github.com/mattbaird/jsonpatch"
  packages = ["."]
  pruneopts = "NUT"
  revision = "81af80346b1a01caae0cbc27fd3c1ba5b11e189f"

[[projects]]
  digest = "1:5985ef4caf91ece5d54817c11ea25f182697534f8ae6521eadcd628c142ac4b6"
  name = "github.com/matttproud/golang_protobuf_extensions"
  packages = ["pbutil"]
  pruneopts = "NUT"
  revision = "c12348ce28de40eed0136aa2b644d0ee0650e56c"
  version = "v1.0.1"

[[projects]]
  digest = "1:2f42fa12d6911c7b7659738758631bec870b7e9b4c6be5444f963cdcfccc191f"
  name = "github.com/modern-go/concurrent"
  packages = ["."]
  pruneopts = "NUT"
  revision = "bacd9c7ef1dd9b15be4a9909b8ac7a4e313eec94"
  version = "1.0.3"

[[projects]]
  digest = "1:c6aca19413b13dc59c220ad7430329e2ec454cc310bc6d8de2c7e2b93c18a0f6"
  name = "github.com/modern-go/reflect2"
  packages = ["."]
  pruneopts = "NUT"
  revision = "4b7aa43c6742a2c18fdef89dd197aaae7dac7ccd"
  version = "1.0.1"

[[projects]]
  digest = "1:b2e5e3f19aaffb7ebb5339521ca335b3aab38b62131c4233eaefc8e8cddcf349"
  name = "github.com/onsi/ginkgo"
  packages = [
    ".",
    "config",
    "internal/codelocation",
    "internal/containernode",
    "internal/failer",
    "internal/leafnodes",
    "internal/remote",
    "internal/spec",
    "internal/spec_iterator",
    "internal/specrunner",
    "internal/suite",
    "internal/testingtproxy",
    "internal/writer",
    "reporters",
    "reporters/stenographer",
    "reporters/stenographer/support/go-colorable",
    "reporters/stenographer/support/go-isatty",
    "types",
  ]
  pruneopts = "NUT"
  revision = "72b6ab036f78c4bf1a9748c3941dd7c3de54917a"
  version = "v1.10.2"

[[projects]]
  digest = "1:4f242066f025afdf7ecb7eb7120314131d22cad1e348025b3aab0e8fb437a0c7"
  name = "github.com/onsi/gomega"
  packages = [
    ".",
    "format",
    "gbytes",
    "gexec",
    "internal/assertion",
    "internal/asyncassertion",
    "internal/oraclematcher",
    "internal/testingtsupport",
    "matchers",
    "matchers/support/goraph/bipartitegraph",
    "matchers/support/goraph/edge",
    "matchers/support/goraph/node",
    "matchers/support/goraph/util",
    "types",
  ]
  pruneopts = "NUT"
  revision = "bdebf9e0ece900259084cfa4121b97ce1a540939"
  version = "v1.7.0"

[[projects]]
  digest = "1:e0cc8395ea893c898ff5eb0850f4d9851c1f57c78c232304a026379a47a552d0"
  name = "github.com/opencontainers/go-digest"
  packages = ["."]
  pruneopts = "NUT"
  revision = "279bed98673dd5bef374d3b6e4b09e2af76183bf"
  version = "v1.0.0-rc1"

[[projects]]
  digest = "1:93b1d84c5fa6d1ea52f4114c37714cddd84d5b78f151b62bb101128dd51399bf"
  name = "github.com/pborman/uuid"
  packages = ["."]
  pruneopts = "NUT"
  revision = "adf5a7427709b9deb95d29d3fa8a2bf9cfd388f1"
  version = "v1.2"

[[projects]]
  branch = "master"
  digest = "1:89da0f0574bc94cfd0ac8b59af67bf76cdd110d503df2721006b9f0492394333"
  name = "github.com/petar/GoLLRB"
  packages = ["llrb"]
  pruneopts = "NUT"
  revision = "33fb24c13b99c46c93183c291836c573ac382536"

[[projects]]
  digest = "1:e1b94bd98c62fc2f905621fc6ba8209b7004e4513a1dfecb12a3de56ec2bb519"
  name = "github.com/peterbourgon/diskv"
  packages = ["."]
  pruneopts = "NUT"
  revision = "0be1b92a6df0e4f5cb0a5d15fb7f643d0ad93ce6"
  version = "v3.0.0"

[[projects]]
  digest = "1:14715f705ff5dfe0ffd6571d7d201dd8e921030f8070321a79380d8ca4ec1a24"
  name = "github.com/pkg/errors"
  packages = ["."]
  pruneopts = "NUT"
  revision = "ba968bfe8b2f7e042a574c888954fccecfa385b4"
  version = "v0.8.1"

[[projects]]
  digest = "1:3d7ad9c93ee2e43dc7dd48b76f96804c365be7fe30e75f7405028c4e633d189a"
  name = "github.com/prometheus/client_golang"
  packages = [
    "prometheus",
    "prometheus/internal",
    "prometheus/promhttp",
  ]
  pruneopts = "NUT"
  revision = "2641b987480bca71fb39738eb8c8b0d577cb1d76"
  version = "v0.9.4"

[[projects]]
  branch = "master"
  digest = "1:2d5cd61daa5565187e1d96bae64dbbc6080dacf741448e9629c64fd93203b0d4"
  name = "github.com/prometheus/client_model"
  packages = ["go"]
  pruneopts = "NUT"
  revision = "14fe0d1b01d4d5fc031dd4bec1823bd3ebbe8016"

[[projects]]
  digest = "1:98278956c7c550efc75a027e528aa51743f06fd0e33613d7ed224432a11e5ecf"
  name = "github.com/prometheus/common"
  packages = [
    "expfmt",
    "internal/bitbucket.org/ww/goautoneg",
    "model",
  ]
  pruneopts = "NUT"
  revision = "287d3e634a1e550c9e463dd7e5a75a422c614505"
  version = "v0.7.0"

[[projects]]
  digest = "1:bbbacd138cb711e328390a2d4bfaca1a41a8575f3c893450bf2ea1b74acdc7be"
  name = "github.com/prometheus/procfs"
  packages = [
    ".",
    "internal/fs",
    "internal/util",
  ]
  pruneopts = "NUT"
  revision = "499c85531f756d1129edd26485a5f73871eeb308"
  version = "v0.0.5"

[[projects]]
  digest = "1:e09ada96a5a41deda4748b1659cc8953961799e798aea557257b56baee4ecaf3"
  name = "github.com/rogpeppe/go-internal"
  packages = [
    "modfile",
    "module",
    "semver",
  ]
  pruneopts = "NUT"
  revision = "d89504fbbf2c313df24867a5ffafcc9b847961ff"
  version = "v1.5.0"

[[projects]]
  digest = "1:6792bb72ea0e7112157d02e4e175cd421b43d004a853f56316a19beca6e0c074"
  name = "github.com/spf13/afero"
  packages = [
    ".",
    "mem",
  ]
  pruneopts = "NUT"
  revision = "588a75ec4f32903aa5e39a2619ba6a4631e28424"
  version = "v1.2.2"

[[projects]]
  digest = "1:d3533ee568fc00a971617ec09dc0f0b3eddfb4adbc1275f8f6332553d67506b4"
  name = "github.com/spf13/cobra"
  packages = ["."]
  pruneopts = "NUT"
  revision = "f2b07da1e2c38d5f12845a4f607e2e1018cbb1f5"
  version = "v0.0.5"

[[projects]]
  digest = "1:d115708a27806831d1babbc6f28a7478ddf8e32a7095507c816e2515fb03a810"
  name = "github.com/spf13/pflag"
  packages = ["."]
  pruneopts = "NUT"
  revision = "2e9d26c8c37aae03e3f9d4e90b7116f5accb7cab"
  version = "v1.0.5"

[[projects]]
  digest = "1:db9b3a118bf699613ba46e1b9671bd7cf8471c60045f0f4c9a2dda2c843d878f"
  name = "github.com/tensorflow/tensorflow"
  packages = ["tensorflow/go"]
  pruneopts = "T"
  revision = "6612da89516247503f03ef76e974b51a434fb52e"
  version = "v1.13.1"

[[projects]]
  digest = "1:9d294b43f67e8d664adb0b5b60f378d78c1f978231918db0d1723b6a5b4f54a8"
  name = "go.opencensus.io"
  packages = [
    ".",
    "internal",
    "internal/tagencoding",
    "metric/metricdata",
    "metric/metricproducer",
    "resource",
    "stats",
    "stats/internal",
    "stats/view",
    "tag",
    "trace",
    "trace/internal",
    "trace/tracestate",
  ]
  pruneopts = "NUT"
  revision = "59d1ce35d30f3c25ba762169da2a37eab6ffa041"
  version = "v0.22.1"

[[projects]]
  digest = "1:cc9d86ec4e6e3bdf87e3a421273bfeed003cf8e21351c0302fe8b0eb7b10efe6"
  name = "go.uber.org/atomic"
  packages = ["."]
  pruneopts = "NUT"
  revision = "df976f2515e274675050de7b3f42545de80594fd"
  version = "v1.4.0"

[[projects]]
  digest = "1:7b954fc1e310e8df787500d512b4f1e47e6bf05989c6f7118a5159978abdbc41"
  name = "go.uber.org/multierr"
  packages = ["."]
  pruneopts = "NUT"
  revision = "71e610a0e48dbda460d9c18adca8b5f2de04a7c1"
  version = "v1.2.0"

[[projects]]
  digest = "1:68f88ba37231669bda397c3593acb77c2946d2fb8d28f726ce9458ce29aa2488"
  name = "go.uber.org/zap"
  packages = [
    ".",
    "buffer",
    "internal/bufferpool",
    "internal/color",
    "internal/exit",
    "zapcore",
  ]
  pruneopts = "NUT"
  revision = "0065243e7bbd958fab35324e41201f5eb682c527"
  version = "v1.11.0"

[[projects]]
  branch = "master"
  digest = "1:bbe51412d9915d64ffaa96b51d409e070665efc5194fcf145c4a27d4133107a4"
  name = "golang.org/x/crypto"
  packages = ["ssh/terminal"]
  pruneopts = "NUT"
  revision = "87dc89f01550277dc22b74ffcf4cd89fa2f40f4c"

[[projects]]
  branch = "master"
  digest = "1:d96b77a285dc9db65b5398e4b959a174e0b7e5af8c986a38873365a3cbd0e131"
  name = "golang.org/x/net"
  packages = [
    "context",
    "context/ctxhttp",
    "html",
    "html/atom",
    "html/charset",
    "http/httpguts",
    "http2",
    "http2/h2c",
    "http2/hpack",
    "idna",
  ]
  pruneopts = "NUT"
  revision = "ec77196f6094c3492a8b61f2c11cf937f78992ae"

[[projects]]
  branch = "master"
  digest = "1:1519760444b90c560eb01373869bc66fd539e6fe1bf77af22047c43edc40ab35"
  name = "golang.org/x/oauth2"
  packages = [
    ".",
    "google",
    "internal",
    "jws",
    "jwt",
  ]
  pruneopts = "NUT"
  revision = "0f29369cfe4552d0e4bcddc57cc75f4d7e672a33"

[[projects]]
  branch = "master"
  digest = "1:ec076e615e3beb6f46317c6d0ae192b43a506e31c0767040e975c79309bca926"
  name = "golang.org/x/sys"
  packages = [
    "unix",
    "windows",
  ]
  pruneopts = "NUT"
  revision = "742c48ecaeb7c624c475e02f3eb0827ebb4970d4"

[[projects]]
  digest = "1:0b5dc8c3581fc3ea2b80cc2e360dfb9c2d61dd0cba0d2fe247e8edd3e83f7551"
  name = "golang.org/x/text"
  packages = [
    "collate",
    "collate/build",
    "encoding",
    "encoding/charmap",
    "encoding/htmlindex",
    "encoding/internal",
    "encoding/internal/identifier",
    "encoding/japanese",
    "encoding/korean",
    "encoding/simplifiedchinese",
    "encoding/traditionalchinese",
    "encoding/unicode",
    "internal/colltab",
    "internal/gen",
    "internal/language",
    "internal/language/compact",
    "internal/tag",
    "internal/triegen",
    "internal/ucd",
    "internal/utf8internal",
    "language",
    "runes",
    "secure/bidirule",
    "transform",
    "unicode/bidi",
    "unicode/cldr",
    "unicode/norm",
    "unicode/rangetable",
    "width",
  ]
  pruneopts = "NUT"
  revision = "342b2e1fbaa52c93f31447ad2c6abc048c63e475"
  version = "v0.3.2"

[[projects]]
  branch = "master"
  digest = "1:32a1c8a24e8d0259416f84720d6c32e5c52cf10d01c19a7d23dcfa868f6b6235"
  name = "golang.org/x/time"
  packages = ["rate"]
  pruneopts = "NUT"
  revision = "6d3f0bb11be5e03f8353894b7240e7d793e40a8f"

[[projects]]
  branch = "master"
  digest = "1:ee51a446aab4758ef62b4eccc1e90e76c4749bb42383d4e34ec1c9980f460ddc"
  name = "golang.org/x/tools"
  packages = [
    "go/ast/astutil",
    "go/gcexportdata",
    "go/internal/gcimporter",
    "go/internal/packagesdriver",
    "go/packages",
    "go/types/typeutil",
    "imports",
    "internal/fastwalk",
    "internal/gopathwalk",
    "internal/imports",
    "internal/module",
    "internal/semver",
    "internal/span",
  ]
  pruneopts = "NUT"
  revision = "0bbdf54effa2d03a4c877d09c98ecf9f5bcfb964"

[[projects]]
  digest = "1:c381a96ea5276e8c5e98b2fa4fab83be71a959ff37dc51117555dc5059390c18"
  name = "google.golang.org/appengine"
  packages = [
    ".",
    "internal",
    "internal/app_identity",
    "internal/base",
    "internal/datastore",
    "internal/log",
    "internal/modules",
    "internal/remote_api",
    "internal/urlfetch",
    "urlfetch",
  ]
  pruneopts = "NUT"
  revision = "971852bfffca25b069c31162ae8f247a3dba083b"
  version = "v1.6.5"

[[projects]]
  digest = "1:1b91ae0dc69a41d4c2ed23ea5cffb721ea63f5037ca4b81e6d6771fbb8f45129"
  name = "gopkg.in/fsnotify.v1"
  packages = ["."]
  pruneopts = "NUT"
  revision = "c2828203cd70a50dcccfb2761f8b1f8ceef9a8e9"
  source = "https://github.com/fsnotify/fsnotify.git"
  version = "v1.4.7"

[[projects]]
  digest = "1:2d1fbdc6777e5408cabeb02bf336305e724b925ff4546ded0fa8715a7267922a"
  name = "gopkg.in/inf.v0"
  packages = ["."]
  pruneopts = "NUT"
  revision = "d2d2541c53f18d2a059457998ce2876cc8e67cbf"
  version = "v0.9.1"

[[projects]]
  branch = "v1"
  digest = "1:8fb1ccb16a6cfecbfdfeb84d8ea1cc7afa8f9ef16526bc2326f72d993e32cef1"
  name = "gopkg.in/tomb.v1"
  packages = ["."]
  pruneopts = "NUT"
  revision = "dd632973f1e7218eb1089048e0798ec9ae7dceb8"

[[projects]]
  digest = "1:accc3bfe4e404aa53ac3621470e7cf9fce1efe48f0fabcfe6d12a72579d9d91f"
  name = "gopkg.in/yaml.v2"
  packages = ["."]
  pruneopts = "NUT"
  revision = "f221b8435cfb71e54062f6c6e99e9ade30b124d5"
  version = "v2.2.4"

[[projects]]
  digest = "1:1d34342a53d8f8c625260d6c4c2e5c99442b1635bbf4208f426bd12aa210b870"
  name = "k8s.io/api"
  packages = [
    "admission/v1beta1",
    "admissionregistration/v1alpha1",
    "admissionregistration/v1beta1",
    "apps/v1",
    "apps/v1beta1",
    "apps/v1beta2",
    "authentication/v1",
    "authentication/v1beta1",
    "authorization/v1",
    "authorization/v1beta1",
    "autoscaling/v1",
    "autoscaling/v2beta1",
    "autoscaling/v2beta2",
    "batch/v1",
    "batch/v1beta1",
    "batch/v2alpha1",
    "certificates/v1beta1",
    "coordination/v1beta1",
    "core/v1",
    "events/v1beta1",
    "extensions/v1beta1",
    "networking/v1",
    "policy/v1beta1",
    "rbac/v1",
    "rbac/v1alpha1",
    "rbac/v1beta1",
    "scheduling/v1alpha1",
    "scheduling/v1beta1",
    "settings/v1alpha1",
    "storage/v1",
    "storage/v1alpha1",
    "storage/v1beta1",
  ]
  pruneopts = "NUT"
  revision = "145d52631d00cbfe68490d19ae4f0f501fd31a95"
  version = "kubernetes-1.12.6"

[[projects]]
  digest = "1:6863750b53ac3e57c4ea2b068c6c07d3b42a6dc965f64c5fdd56ae2ab768deb5"
  name = "k8s.io/apiextensions-apiserver"
  packages = [
    "pkg/apis/apiextensions",
    "pkg/apis/apiextensions/v1beta1",
    "pkg/client/clientset/clientset",
    "pkg/client/clientset/clientset/scheme",
    "pkg/client/clientset/clientset/typed/apiextensions/v1beta1",
    "pkg/features",
  ]
  pruneopts = "NUT"
  revision = "0cd23ebeb6882bd1cdc2cb15fc7b2d72e8a86a5b"
  version = "kubernetes-1.12.3"

[[projects]]
  digest = "1:ecd8d459a40c5135e6d50fe7ac191d39da56fbad2b4b222c2d74a045557f64e8"
  name = "k8s.io/apimachinery"
  packages = [
    "pkg/api/equality",
    "pkg/api/errors",
    "pkg/api/meta",
    "pkg/api/resource",
    "pkg/api/validation",
    "pkg/apis/meta/internalversion",
    "pkg/apis/meta/v1",
    "pkg/apis/meta/v1/unstructured",
    "pkg/apis/meta/v1/validation",
    "pkg/apis/meta/v1beta1",
    "pkg/conversion",
    "pkg/conversion/queryparams",
    "pkg/fields",
    "pkg/labels",
    "pkg/runtime",
    "pkg/runtime/schema",
    "pkg/runtime/serializer",
    "pkg/runtime/serializer/json",
    "pkg/runtime/serializer/protobuf",
    "pkg/runtime/serializer/recognizer",
    "pkg/runtime/serializer/streaming",
    "pkg/runtime/serializer/versioning",
    "pkg/selection",
    "pkg/types",
    "pkg/util/cache",
    "pkg/util/clock",
    "pkg/util/diff",
    "pkg/util/errors",
    "pkg/util/framer",
    "pkg/util/intstr",
    "pkg/util/json",
    "pkg/util/mergepatch",
    "pkg/util/naming",
    "pkg/util/net",
    "pkg/util/runtime",
    "pkg/util/sets",
    "pkg/util/strategicpatch",
    "pkg/util/uuid",
    "pkg/util/validation",
    "pkg/util/validation/field",
    "pkg/util/wait",
    "pkg/util/yaml",
    "pkg/version",
    "pkg/watch",
    "third_party/forked/golang/json",
    "third_party/forked/golang/reflect",
  ]
  pruneopts = "NUT"
  revision = "01f179d85dbce0f2e0e4351a92394b38694b7cae"
  version = "kubernetes-1.12.6"

[[projects]]
  digest = "1:1a3edfee5fc152984cf5870d5f76bafc67519971908cfd49554418d63f62c0db"
  name = "k8s.io/apiserver"
  packages = [
    "pkg/features",
    "pkg/util/feature",
  ]
  pruneopts = "NUT"
  revision = "92fdef3a232a23afb9644f6151119b5961b9feab"
  version = "kubernetes-1.12.3"

[[projects]]
  digest = "1:7905dd4431f65971eab406e83e00cd94e41daaf3e557c023bf5bd15eae8af37f"
  name = "k8s.io/client-go"
  packages = [
    "discovery",
    "discovery/fake",
    "dynamic",
    "informers",
    "informers/admissionregistration",
    "informers/admissionregistration/v1alpha1",
    "informers/admissionregistration/v1beta1",
    "informers/apps",
    "informers/apps/v1",
    "informers/apps/v1beta1",
    "informers/apps/v1beta2",
    "informers/autoscaling",
    "informers/autoscaling/v1",
    "informers/autoscaling/v2beta1",
    "informers/autoscaling/v2beta2",
    "informers/batch",
    "informers/batch/v1",
    "informers/batch/v1beta1",
    "informers/batch/v2alpha1",
    "informers/certificates",
    "informers/certificates/v1beta1",
    "informers/coordination",
    "informers/coordination/v1beta1",
    "informers/core",
    "informers/core/v1",
    "informers/events",
    "informers/events/v1beta1",
    "informers/extensions",
    "informers/extensions/v1beta1",
    "informers/internalinterfaces",
    "informers/networking",
    "informers/networking/v1",
    "informers/policy",
    "informers/policy/v1beta1",
    "informers/rbac",
    "informers/rbac/v1",
    "informers/rbac/v1alpha1",
    "informers/rbac/v1beta1",
    "informers/scheduling",
    "informers/scheduling/v1alpha1",
    "informers/scheduling/v1beta1",
    "informers/settings",
    "informers/settings/v1alpha1",
    "informers/storage",
    "informers/storage/v1",
    "informers/storage/v1alpha1",
    "informers/storage/v1beta1",
    "kubernetes",
    "kubernetes/scheme",
    "kubernetes/typed/admissionregistration/v1alpha1",
    "kubernetes/typed/admissionregistration/v1beta1",
    "kubernetes/typed/apps/v1",
    "kubernetes/typed/apps/v1beta1",
    "kubernetes/typed/apps/v1beta2",
    "kubernetes/typed/authentication/v1",
    "kubernetes/typed/authentication/v1beta1",
    "kubernetes/typed/authorization/v1",
    "kubernetes/typed/authorization/v1beta1",
    "kubernetes/typed/autoscaling/v1",
    "kubernetes/typed/autoscaling/v2beta1",
    "kubernetes/typed/autoscaling/v2beta2",
    "kubernetes/typed/batch/v1",
    "kubernetes/typed/batch/v1beta1",
    "kubernetes/typed/batch/v2alpha1",
    "kubernetes/typed/certificates/v1beta1",
    "kubernetes/typed/coordination/v1beta1",
    "kubernetes/typed/core/v1",
    "kubernetes/typed/events/v1beta1",
    "kubernetes/typed/extensions/v1beta1",
    "kubernetes/typed/networking/v1",
    "kubernetes/typed/policy/v1beta1",
    "kubernetes/typed/rbac/v1",
    "kubernetes/typed/rbac/v1alpha1",
    "kubernetes/typed/rbac/v1beta1",
    "kubernetes/typed/scheduling/v1alpha1",
    "kubernetes/typed/scheduling/v1beta1",
    "kubernetes/typed/settings/v1alpha1",
    "kubernetes/typed/storage/v1",
    "kubernetes/typed/storage/v1alpha1",
    "kubernetes/typed/storage/v1beta1",
    "listers/admissionregistration/v1alpha1",
    "listers/admissionregistration/v1beta1",
    "listers/apps/v1",
    "listers/apps/v1beta1",
    "listers/apps/v1beta2",
    "listers/autoscaling/v1",
    "listers/autoscaling/v2beta1",
    "listers/autoscaling/v2beta2",
    "listers/batch/v1",
    "listers/batch/v1beta1",
    "listers/batch/v2alpha1",
    "listers/certificates/v1beta1",
    "listers/coordination/v1beta1",
    "listers/core/v1",
    "listers/events/v1beta1",
    "listers/extensions/v1beta1",
    "listers/networking/v1",
    "listers/policy/v1beta1",
    "listers/rbac/v1",
    "listers/rbac/v1alpha1",
    "listers/rbac/v1beta1",
    "listers/scheduling/v1alpha1",
    "listers/scheduling/v1beta1",
    "listers/settings/v1alpha1",
    "listers/storage/v1",
    "listers/storage/v1alpha1",
    "listers/storage/v1beta1",
    "pkg/apis/clientauthentication",
    "pkg/apis/clientauthentication/v1alpha1",
    "pkg/apis/clientauthentication/v1beta1",
    "pkg/version",
    "plugin/pkg/client/auth/exec",
    "plugin/pkg/client/auth/gcp",
    "rest",
    "rest/watch",
    "restmapper",
    "testing",
    "third_party/forked/golang/template",
    "tools/auth",
    "tools/cache",
    "tools/clientcmd",
    "tools/clientcmd/api",
    "tools/clientcmd/api/latest",
    "tools/clientcmd/api/v1",
    "tools/leaderelection",
    "tools/leaderelection/resourcelock",
    "tools/metrics",
    "tools/pager",
    "tools/record",
    "tools/reference",
    "transport",
    "util/buffer",
    "util/cert",
    "util/connrotation",
    "util/flowcontrol",
    "util/homedir",
    "util/integer",
    "util/jsonpath",
    "util/retry",
    "util/workqueue",
  ]
  pruneopts = "NUT"
  revision = "78295b709ec6fa5be12e35892477a326dea2b5d3"
  version = "kubernetes-1.12.6"

[[projects]]
  digest = "1:26b81b5e76e3f84ea5140da4f74649576e470f79091d2ef8e0d1b5000bc636ca"
  name = "k8s.io/code-generator"
  packages = [
    "cmd/client-gen",
    "cmd/client-gen/args",
    "cmd/client-gen/generators",
    "cmd/client-gen/generators/fake",
    "cmd/client-gen/generators/scheme",
    "cmd/client-gen/generators/util",
    "cmd/client-gen/path",
    "cmd/client-gen/types",
    "cmd/deepcopy-gen",
    "cmd/deepcopy-gen/args",
    "cmd/openapi-gen",
    "cmd/openapi-gen/args",
    "pkg/util",
  ]
  pruneopts = "T"
  revision = "b1289fc74931d4b6b04bd1a259acfc88a2cb0a66"
  version = "kubernetes-1.12.6"

[[projects]]
  branch = "master"
  digest = "1:47f6eeee493d9c836b1585d4251ebad7396d42c204d27bfd3efdfd3951d8cbb1"
  name = "k8s.io/gengo"
  packages = [
    "args",
    "examples/deepcopy-gen/generators",
    "examples/set-gen/sets",
    "generator",
    "namer",
    "parser",
    "types",
  ]
  pruneopts = "NT"
  revision = "7fa3014cb28f99ce2d9e803bcd3efa7edd4effa9"

[[projects]]
  digest = "1:c0693cb981f43d82a767a3217b7640a4bdb341731d3814b38602f4e5dc4f01b3"
  name = "k8s.io/klog"
  packages = ["."]
  pruneopts = "NUT"
  revision = "2ca9ad30301bf30a8a6e0fa2110db6b8df699a91"
  version = "v1.0.0"

[[projects]]
  branch = "release-1.10"
  digest = "1:5e6cf5c86780f55cab6254217bc22e327606b6d09aed280ac12494d837327512"
  name = "k8s.io/kube-openapi"
  packages = [
    "pkg/common",
    "pkg/generators",
    "pkg/util/proto",
  ]
  pruneopts = "NUT"
  revision = "39cb288412c48cb533ba4be5d6c28620b9a0c1b4"

[[projects]]
  digest = "1:78c95e79d5ce6f2359836e0cf83a88ed4906a0c87dbcfbea17db23a798243777"
  name = "k8s.io/kubernetes"
  packages = [
    "pkg/api/service",
    "pkg/apis/autoscaling",
    "pkg/apis/core",
    "pkg/apis/core/helper",
    "pkg/apis/core/pods",
    "pkg/apis/core/v1",
    "pkg/apis/core/v1/helper",
    "pkg/apis/core/validation",
    "pkg/apis/extensions",
    "pkg/apis/networking",
    "pkg/apis/policy",
    "pkg/apis/scheduling",
    "pkg/capabilities",
    "pkg/features",
    "pkg/fieldpath",
    "pkg/kubelet/types",
    "pkg/master/ports",
    "pkg/security/apparmor",
    "pkg/util/file",
    "pkg/util/net/sets",
    "pkg/util/parsers",
  ]
  pruneopts = "NUT"
  revision = "435f92c719f279a3a67808c80521ea17d5715c66"
  version = "v1.12.3"

[[projects]]
  branch = "master"
  digest = "1:98bfb68d62e4df4c94f54f333dea17c1f2d26c5b70620b6c9ad6d7bbc6a0f7ea"
  name = "k8s.io/utils"
  packages = ["pointer"]
  pruneopts = "NUT"
  revision = "8d271d903fe4c290aa361acfb242cff7bcee96f1"

[[projects]]
  branch = "release-0.9"
  digest = "1:956b23f6a705b334220488771de42ef4656ee92171ab438a4726da9716737478"
  name = "knative.dev/pkg"
  packages = [
    "apis",
    "apis/duck",
    "apis/duck/v1",
    "apis/duck/v1alpha1",
    "apis/duck/v1beta1",
    "apis/istio",
    "apis/istio/common/v1alpha1",
    "apis/istio/v1alpha3",
    "apis/v1alpha1",
    "configmap",
    "kmeta",
    "kmp",
    "network",
    "ptr",
  ]
  pruneopts = "NUT"
  revision = "74659889c421b26b9a416fd203f5a8d3e602bfb2"

[[projects]]
  digest = "1:0fe70e481a28d645302f993afc02f97a8eac5a4faa07e16a25d6e28f546b20d2"
  name = "knative.dev/serving"
  packages = [
    "pkg/apis/autoscaling",
    "pkg/apis/autoscaling/v1alpha1",
    "pkg/apis/config",
    "pkg/apis/networking",
    "pkg/apis/networking/v1alpha1",
    "pkg/apis/serving",
    "pkg/apis/serving/v1",
    "pkg/apis/serving/v1alpha1",
    "pkg/apis/serving/v1beta1",
    "pkg/gc",
    "pkg/network",
    "pkg/reconciler/route/config",
  ]
  pruneopts = "NUT"
  revision = "b066e90ccd6f091e0faf65a759f3ce789d373457"
  version = "v0.9.0"

[[projects]]
  digest = "1:45fb4267f4868479b71ec2b2aff638a24ff09dc11568f6ceb087dabbc856f455"
  name = "sigs.k8s.io/controller-runtime"
  packages = [
    "pkg/cache",
    "pkg/cache/internal",
    "pkg/client",
    "pkg/client/apiutil",
    "pkg/client/config",
    "pkg/controller",
    "pkg/controller/controllerutil",
    "pkg/envtest",
    "pkg/envtest/printer",
    "pkg/event",
    "pkg/handler",
    "pkg/internal/controller",
    "pkg/internal/controller/metrics",
    "pkg/internal/recorder",
    "pkg/leaderelection",
    "pkg/manager",
    "pkg/metrics",
    "pkg/patch",
    "pkg/predicate",
    "pkg/reconcile",
    "pkg/recorder",
    "pkg/runtime/inject",
    "pkg/runtime/log",
    "pkg/runtime/scheme",
    "pkg/runtime/signals",
    "pkg/source",
    "pkg/source/internal",
    "pkg/webhook",
    "pkg/webhook/admission",
    "pkg/webhook/admission/types",
    "pkg/webhook/internal/cert",
    "pkg/webhook/internal/cert/generator",
    "pkg/webhook/internal/cert/writer",
    "pkg/webhook/internal/cert/writer/atomic",
    "pkg/webhook/internal/metrics",
    "pkg/webhook/types",
  ]
  pruneopts = "NUT"
  revision = "f6f0bc9611363b43664d08fb097ab13243ef621d"
  version = "v0.1.9"

[[projects]]
  digest = "1:992675a6714d511089a0b7ffb7063d36e5423089cda610642de7a0cfbbf673ab"
  name = "sigs.k8s.io/controller-tools"
  packages = [
    "cmd/controller-gen",
    "pkg/crd/generator",
    "pkg/crd/util",
    "pkg/internal/codegen",
    "pkg/internal/codegen/parse",
    "pkg/internal/general",
    "pkg/rbac",
    "pkg/util",
    "pkg/webhook",
    "pkg/webhook/internal",
  ]
  pruneopts = "NUT"
  revision = "fbf141159251d035089e7acdd5a343f8cec91b94"
  version = "v0.1.9"

[[projects]]
  digest = "1:79012a83a6630d5e3ec068e6e8dd44d199393f53ab05e741b832abaa1ce3c756"
  name = "sigs.k8s.io/testing_frameworks"
  packages = [
    "integration",
    "integration/addr",
    "integration/internal",
  ]
  pruneopts = "NUT"
  revision = "c7087048c932a346b910a2240f3a053e544eb352"
  version = "v0.1.2"

[solve-meta]
  analyzer-name = "dep"
  analyzer-version = 1
  input-imports = [
    "github.com/cloudevents/sdk-go",
    "github.com/cloudevents/sdk-go/pkg/cloudevents/transport",
    "github.com/emicklei/go-restful",
    "github.com/getkin/kin-openapi/openapi3",
    "github.com/getkin/kin-openapi/openapi3filter",
    "github.com/go-logr/logr",
    "github.com/go-openapi/spec",
    "github.com/golang/protobuf/proto",
    "github.com/golang/protobuf/ptypes/any",
    "github.com/google/go-cmp/cmp",
    "github.com/google/go-cmp/cmp/cmpopts",
    "github.com/google/uuid",
    "github.com/mattbaird/jsonpatch",
    "github.com/onsi/ginkgo",
    "github.com/onsi/gomega",
    "github.com/onsi/gomega/format",
    "github.com/onsi/gomega/types",
    "github.com/pkg/errors",
    "github.com/spf13/cobra",
    "github.com/tensorflow/tensorflow/tensorflow/go",
    "golang.org/x/net/context",
    "golang.org/x/net/http2",
    "golang.org/x/net/http2/h2c",
    "k8s.io/api/admission/v1beta1",
    "k8s.io/api/admissionregistration/v1beta1",
    "k8s.io/api/core/v1",
    "k8s.io/apiextensions-apiserver/pkg/apis/apiextensions/v1beta1",
    "k8s.io/apimachinery/pkg/api/equality",
    "k8s.io/apimachinery/pkg/api/errors",
    "k8s.io/apimachinery/pkg/api/resource",
    "k8s.io/apimachinery/pkg/apis/meta/v1",
    "k8s.io/apimachinery/pkg/labels",
    "k8s.io/apimachinery/pkg/runtime",
    "k8s.io/apimachinery/pkg/runtime/schema",
    "k8s.io/apimachinery/pkg/runtime/serializer",
    "k8s.io/apimachinery/pkg/types",
    "k8s.io/apimachinery/pkg/util/runtime",
    "k8s.io/apimachinery/pkg/util/sets",
    "k8s.io/apimachinery/pkg/util/validation/field",
    "k8s.io/apimachinery/pkg/watch",
    "k8s.io/client-go/discovery",
    "k8s.io/client-go/discovery/fake",
    "k8s.io/client-go/kubernetes/scheme",
    "k8s.io/client-go/plugin/pkg/client/auth/gcp",
    "k8s.io/client-go/rest",
    "k8s.io/client-go/testing",
    "k8s.io/client-go/tools/cache",
    "k8s.io/client-go/tools/record",
    "k8s.io/client-go/util/flowcontrol",
    "k8s.io/code-generator/cmd/client-gen",
    "k8s.io/code-generator/cmd/deepcopy-gen",
    "k8s.io/code-generator/cmd/openapi-gen",
    "k8s.io/klog",
    "k8s.io/kube-openapi/pkg/common",
    "k8s.io/kubernetes/pkg/apis/core",
    "k8s.io/kubernetes/pkg/apis/core/validation",
    "knative.dev/pkg/apis",
    "knative.dev/pkg/apis/duck",
    "knative.dev/pkg/apis/duck/v1",
    "knative.dev/pkg/apis/duck/v1beta1",
    "knative.dev/pkg/apis/istio/common/v1alpha1",
    "knative.dev/pkg/apis/istio/v1alpha3",
    "knative.dev/pkg/kmp",
    "knative.dev/serving/pkg/apis/autoscaling",
    "knative.dev/serving/pkg/apis/serving",
    "knative.dev/serving/pkg/apis/serving/v1",
    "knative.dev/serving/pkg/apis/serving/v1alpha1",
    "knative.dev/serving/pkg/network",
    "sigs.k8s.io/controller-runtime/pkg/client",
    "sigs.k8s.io/controller-runtime/pkg/client/config",
    "sigs.k8s.io/controller-runtime/pkg/controller",
    "sigs.k8s.io/controller-runtime/pkg/controller/controllerutil",
    "sigs.k8s.io/controller-runtime/pkg/envtest",
    "sigs.k8s.io/controller-runtime/pkg/handler",
    "sigs.k8s.io/controller-runtime/pkg/manager",
    "sigs.k8s.io/controller-runtime/pkg/reconcile",
    "sigs.k8s.io/controller-runtime/pkg/runtime/log",
    "sigs.k8s.io/controller-runtime/pkg/runtime/scheme",
    "sigs.k8s.io/controller-runtime/pkg/runtime/signals",
    "sigs.k8s.io/controller-runtime/pkg/source",
    "sigs.k8s.io/controller-runtime/pkg/webhook",
    "sigs.k8s.io/controller-runtime/pkg/webhook/admission",
    "sigs.k8s.io/controller-runtime/pkg/webhook/admission/types",
    "sigs.k8s.io/controller-runtime/pkg/webhook/types",
    "sigs.k8s.io/controller-tools/cmd/controller-gen",
    "sigs.k8s.io/testing_frameworks/integration",
  ]
  solver-name = "gps-cdcl"
  solver-version = 1
